dependencies:
- name: zookeeper
  repository: https://kubernetes-charts-incubator.storage.googleapis.com/
  version: 0.6.1
- name: postgresql
  repository: https://kubernetes-charts.storage.googleapis.com
  version: 0.9.2
digest: sha256:33a2817f2458481f9193b71d7e63133aa53036be9628c835ae5241c62f05b2c7
generated: 2018-03-18T14:17:52.439039858-07:00
